
Microsoft Visual Studio Solution File, Format Version 12.00
# Visual Studio Version 16
VisualStudioVersion = 16.0.30907.101
MinimumVisualStudioVersion = 10.0.40219.1
Project("{FAE04EC0-301F-11D3-BF4B-00C04F79EFBC}") = "Tweet API", "Tweet API\Tweet API.csproj", "{A248C4C8-C76E-4A9D-AF82-31CB797D0B77}"
EndProject
Global
	GlobalSection(SolutionConfigurationPlatforms) = preSolution
		Debug|Any CPU = Debug|Any CPU
		Release|Any CPU = Release|Any CPU
	EndGlobalSection
	GlobalSection(ProjectConfigurationPlatforms) = postSolution
		{A248C4C8-C76E-4A9D-AF82-31CB797D0B77}.Debug|Any CPU.ActiveCfg = Debug|Any CPU
		{A248C4C8-C76E-4A9D-AF82-31CB797D0B77}.Debug|Any CPU.Build.0 = Debug|Any CPU
		{A248C4C8-C76E-4A9D-AF82-31CB797D0B77}.Release|Any CPU.ActiveCfg = Release|Any CPU
		{A248C4C8-C76E-4A9D-AF82-31CB797D0B77}.Release|Any CPU.Build.0 = Release|Any CPU
	EndGlobalSection
	GlobalSection(SolutionProperties) = preSolution
		HideSolutionNode = FALSE
	EndGlobalSection
	GlobalSection(ExtensibilityGlobals) = postSolution
		SolutionGuid = {1727288B-376A-4E1E-8F12-7089BDCE9DB0}
	EndGlobalSection
EndGlobal
